
Microsoft Visual Studio Solution File, Format Version 12.00
# Visual Studio Version 16
VisualStudioVersion = 16.0.30225.117
MinimumVisualStudioVersion = 10.0.40219.1
Project("{FAE04EC0-301F-11D3-BF4B-00C04F79EFBC}") = "API", "API.csproj", "{65600826-FCAA-4EBE-B224-BA070D0B1D72}"
EndProject
Global
	GlobalSection(SolutionConfigurationPlatforms) = preSolution
		Debug|Any CPU = Debug|Any CPU
		Release|Any CPU = Release|Any CPU
	EndGlobalSection
	GlobalSection(ProjectConfigurationPlatforms) = postSolution
		{65600826-FCAA-4EBE-B224-BA070D0B1D72}.Debug|Any CPU.ActiveCfg = Debug|Any CPU
		{65600826-FCAA-4EBE-B224-BA070D0B1D72}.Debug|Any CPU.Build.0 = Debug|Any CPU
		{65600826-FCAA-4EBE-B224-BA070D0B1D72}.Release|Any CPU.ActiveCfg = Release|Any CPU
		{65600826-FCAA-4EBE-B224-BA070D0B1D72}.Release|Any CPU.Build.0 = Release|Any CPU
	EndGlobalSection
	GlobalSection(SolutionProperties) = preSolution
		HideSolutionNode = FALSE
	EndGlobalSection
	GlobalSection(ExtensibilityGlobals) = postSolution
		SolutionGuid = {4EE59927-D299-46C5-8619-9838CDB1549C}
	EndGlobalSection
EndGlobal
